// !$*UTF8*$!
{
	archiveVersion = 1;
	classes = {
	};
	objectVersion = 46;
	objects = {

/* Begin PBXBuildFile section */
		10FE8BC01A5E13E900F8CCDB /* AppDelegate.swift in Sources */ = {isa = PBXBuildFile; fileRef = 10FE8BBF1A5E13E900F8CCDB /* AppDelegate.swift */; };
		10FE8BC31A5E13E900F8CCDB /* BCITBlurbBoard.xcdatamodeld in Sources */ = {isa = PBXBuildFile; fileRef = 10FE8BC11A5E13E900F8CCDB /* BCITBlurbBoard.xcdatamodeld */; };
		10FE8BC51A5E13E900F8CCDB /* ViewController.swift in Sources */ = {isa = PBXBuildFile; fileRef = 10FE8BC41A5E13E900F8CCDB /* ViewController.swift */; };
		10FE8BC81A5E13E900F8CCDB /* Main.storyboard in Resources */ = {isa = PBXBuildFile; fileRef = 10FE8BC61A5E13E900F8CCDB /* Main.storyboard */; };
		10FE8BCA1A5E13E900F8CCDB /* Images.xcassets in Resources */ = {isa = PBXBuildFile; fileRef = 10FE8BC91A5E13E900F8CCDB /* Images.xcassets */; };
		10FE8BCD1A5E13E900F8CCDB /* LaunchScreen.xib in Resources */ = {isa = PBXBuildFile; fileRef = 10FE8BCB1A5E13E900F8CCDB /* LaunchScreen.xib */; };
		10FE8BD91A5E13E900F8CCDB /* BCITBlurbBoardTests.swift in Sources */ = {isa = PBXBuildFile; fileRef = 10FE8BD81A5E13E900F8CCDB /* BCITBlurbBoardTests.swift */; };
/* End PBXBuildFile section */

/* Begin PBXContainerItemProxy section */
		10FE8BD31A5E13E900F8CCDB /* PBXContainerItemProxy */ = {
			isa = PBXContainerItemProxy;
			containerPortal = 10FE8BB21A5E13E900F8CCDB /* Project object */;
			proxyType = 1;
			remoteGlobalIDString = 10FE8BB91A5E13E900F8CCDB;
			remoteInfo = BCITBlurbBoard;
		};
/* End PBXContainerItemProxy section */

/* Begin PBXFileReference section */
		104F98B51A5E203200E3DE17 /* README.md */ = {isa = PBXFileReference; lastKnownFileType = net.daringfireball.markdown; path = README.md; sourceTree = "<group>"; };
		10FE8BBA1A5E13E900F8CCDB /* BCITBlurbBoard.app */ = {isa = PBXFileReference; explicitFileType = wrapper.application; includeInIndex = 0; path = BCITBlurbBoard.app; sourceTree = BUILT_PRODUCTS_DIR; };
		10FE8BBE1A5E13E900F8CCDB /* Info.plist */ = {isa = PBXFileReference; lastKnownFileType = text.plist.xml; path = Info.plist; sourceTree = "<group>"; };
		10FE8BBF1A5E13E900F8CCDB /* AppDelegate.swift */ = {isa = PBXFileReference; lastKnownFileType = sourcecode.swift; path = AppDelegate.swift; sourceTree = "<group>"; };
		10FE8BC21A5E13E900F8CCDB /* BCITBlurbBoard.xcdatamodel */ = {isa = PBXFileReference; lastKnownFileType = wrapper.xcdatamodel; path = BCITBlurbBoard.xcdatamodel; sourceTree = "<group>"; };
		10FE8BC41A5E13E900F8CCDB /* ViewController.swift */ = {isa = PBXFileReference; lastKnownFileType = sourcecode.swift; path = ViewController.swift; sourceTree = "<group>"; };
		10FE8BC71A5E13E900F8CCDB /* Base */ = {isa = PBXFileReference; lastKnownFileType = file.storyboard; name = Base; path = Base.lproj/Main.storyboard; sourceTree = "<group>"; };
		10FE8BC91A5E13E900F8CCDB /* Images.xcassets */ = {isa = PBXFileReference; lastKnownFileType = folder.assetcatalog; path = Images.xcassets; sourceTree = "<group>"; };
		10FE8BCC1A5E13E900F8CCDB /* Base */ = {isa = PBXFileReference; lastKnownFileType = file.xib; name = Base; path = Base.lproj/LaunchScreen.xib; sourceTree = "<group>"; };
		10FE8BD21A5E13E900F8CCDB /* BCITBlurbBoardTests.xctest */ = {isa = PBXFileReference; explicitFileType = wrapper.cfbundle; includeInIndex = 0; path = BCITBlurbBoardTests.xctest; sourceTree = BUILT_PRODUCTS_DIR; };
		10FE8BD71A5E13E900F8CCDB /* Info.plist */ = {isa = PBXFileReference; lastKnownFileType = text.plist.xml; path = Info.plist; sourceTree = "<group>"; };
		10FE8BD81A5E13E900F8CCDB /* BCITBlurbBoardTests.swift */ = {isa = PBXFileReference; lastKnownFileType = sourcecode.swift; path = BCITBlurbBoardTests.swift; sourceTree = "<group>"; };
/* End PBXFileReference section */

/* Begin PBXFrameworksBuildPhase section */
		10FE8BB71A5E13E900F8CCDB /* Frameworks */ = {
			isa = PBXFrameworksBuildPhase;
			buildActionMask = 2147483647;
			files = (
			);
			runOnlyForDeploymentPostprocessing = 0;
		};
		10FE8BCF1A5E13E900F8CCDB /* Frameworks */ = {
			isa = PBXFrameworksBuildPhase;
			buildActionMask = 2147483647;
			files = (
			);
			runOnlyForDeploymentPostprocessing = 0;
		};
/* End PBXFrameworksBuildPhase section */

/* Begin PBXGroup section */
		10FE8BB11A5E13E900F8CCDB = {
			isa = PBXGroup;
			children = (
				104F98B51A5E203200E3DE17 /* README.md */,
				10FE8BBC1A5E13E900F8CCDB /* BCITBlurbBoard */,
				10FE8BD51A5E13E900F8CCDB /* BCITBlurbBoardTests */,
				10FE8BBB1A5E13E900F8CCDB /* Products */,
			);
			sourceTree = "<group>";
		};
		10FE8BBB1A5E13E900F8CCDB /* Products */ = {
			isa = PBXGroup;
			children = (
				10FE8BBA1A5E13E900F8CCDB /* BCITBlurbBoard.app */,
				10FE8BD21A5E13E900F8CCDB /* BCITBlurbBoardTests.xctest */,
			);
			name = Products;
			sourceTree = "<group>";
		};
		10FE8BBC1A5E13E900F8CCDB /* BCITBlurbBoard */ = {
			isa = PBXGroup;
			children = (
				10FE8BBF1A5E13E900F8CCDB /* AppDelegate.swift */,
				10FE8BC41A5E13E900F8CCDB /* ViewController.swift */,
				10FE8BC61A5E13E900F8CCDB /* Main.storyboard */,
				10FE8BC91A5E13E900F8CCDB /* Images.xcassets */,
				10FE8BCB1A5E13E900F8CCDB /* LaunchScreen.xib */,
				10FE8BC11A5E13E900F8CCDB /* BCITBlurbBoard.xcdatamodeld */,
				10FE8BBD1A5E13E900F8CCDB /* Supporting Files */,
			);
			path = BCITBlurbBoard;
			sourceTree = "<group>";
		};
		10FE8BBD1A5E13E900F8CCDB /* Supporting Files */ = {
			isa = PBXGroup;
			children = (
				10FE8BBE1A5E13E900F8CCDB /* Info.plist */,
			);
			name = "Supporting Files";
			sourceTree = "<group>";
		};
		10FE8BD51A5E13E900F8CCDB /* BCITBlurbBoardTests */ = {
			isa = PBXGroup;
			children = (
				10FE8BD81A5E13E900F8CCDB /* BCITBlurbBoardTests.swift */,
				10FE8BD61A5E13E900F8CCDB /* Supporting Files */,
			);
			path = BCITBlurbBoardTests;
			sourceTree = "<group>";
		};
		10FE8BD61A5E13E900F8CCDB /* Supporting Files */ = {
			isa = PBXGroup;
			children = (
				10FE8BD71A5E13E900F8CCDB /* Info.plist */,
			);
			name = "Supporting Files";
			sourceTree = "<group>";
		};
/* End PBXGroup section */

/* Begin PBXNativeTarget section */
		10FE8BB91A5E13E900F8CCDB /* BCITBlurbBoard */ = {
			isa = PBXNativeTarget;
			buildConfigurationList = 10FE8BDC1A5E13E900F8CCDB /* Build configuration list for PBXNativeTarget "BCITBlurbBoard" */;
			buildPhases = (
				10FE8BB61A5E13E900F8CCDB /* Sources */,
				10FE8BB71A5E13E900F8CCDB /* Frameworks */,
				10FE8BB81A5E13E900F8CCDB /* Resources */,
			);
			buildRules = (
			);
			dependencies = (
			);
			name = BCITBlurbBoard;
			productName = BCITBlurbBoard;
			productReference = 10FE8BBA1A5E13E900F8CCDB /* BCITBlurbBoard.app */;
			productType = "com.apple.product-type.application";
		};
		10FE8BD11A5E13E900F8CCDB /* BCITBlurbBoardTests */ = {
			isa = PBXNativeTarget;
			buildConfigurationList = 10FE8BDF1A5E13E900F8CCDB /* Build configuration list for PBXNativeTarget "BCITBlurbBoardTests" */;
			buildPhases = (
				10FE8BCE1A5E13E900F8CCDB /* Sources */,
				10FE8BCF1A5E13E900F8CCDB /* Frameworks */,
				10FE8BD01A5E13E900F8CCDB /* Resources */,
			);
			buildRules = (
			);
			dependencies = (
				10FE8BD41A5E13E900F8CCDB /* PBXTargetDependency */,
			);
			name = BCITBlurbBoardTests;
			productName = BCITBlurbBoardTests;
			productReference = 10FE8BD21A5E13E900F8CCDB /* BCITBlurbBoardTests.xctest */;
			productType = "com.apple.product-type.bundle.unit-test";
		};
/* End PBXNativeTarget section */

/* Begin PBXProject section */
		10FE8BB21A5E13E900F8CCDB /* Project object */ = {
			isa = PBXProject;
			attributes = {
				LastUpgradeCheck = 0610;
				ORGANIZATIONNAME = "Ben Soer";
				TargetAttributes = {
					10FE8BB91A5E13E900F8CCDB = {
						CreatedOnToolsVersion = 6.1.1;
					};
					10FE8BD11A5E13E900F8CCDB = {
						CreatedOnToolsVersion = 6.1.1;
						TestTargetID = 10FE8BB91A5E13E900F8CCDB;
					};
				};
			};
			buildConfigurationList = 10FE8BB51A5E13E900F8CCDB /* Build configuration list for PBXProject "BCITBlurbBoard" */;
			compatibilityVersion = "Xcode 3.2";
			developmentRegion = English;
			hasScannedForEncodings = 0;
			knownRegions = (
				en,
				Base,
			);
			mainGroup = 10FE8BB11A5E13E900F8CCDB;
			productRefGroup = 10FE8BBB1A5E13E900F8CCDB /* Products */;
			projectDirPath = "";
			projectRoot = "";
			targets = (
				10FE8BB91A5E13E900F8CCDB /* BCITBlurbBoard */,
				10FE8BD11A5E13E900F8CCDB /* BCITBlurbBoardTests */,
			);
		};
/* End PBXProject section */

/* Begin PBXResourcesBuildPhase section */
		10FE8BB81A5E13E900F8CCDB /* Resources */ = {
			isa = PBXResourcesBuildPhase;
			buildActionMask = 2147483647;
			files = (
				10FE8BC81A5E13E900F8CCDB /* Main.storyboard in Resources */,
				10FE8BCD1A5E13E900F8CCDB /* LaunchScreen.xib in Resources */,
				10FE8BCA1A5E13E900F8CCDB /* Images.xcassets in Resources */,
			);
			runOnlyForDeploymentPostprocessing = 0;
		};
		10FE8BD01A5E13E900F8CCDB /* Resources */ = {
			isa = PBXResourcesBuildPhase;
			buildActionMask = 2147483647;
			files = (
			);
			runOnlyForDeploymentPostprocessing = 0;
		};
/* End PBXResourcesBuildPhase section */

/* Begin PBXSourcesBuildPhase section */
		10FE8BB61A5E13E900F8CCDB /* Sources */ = {
			isa = PBXSourcesBuildPhase;
			buildActionMask = 2147483647;
			files = (
				10FE8BC51A5E13E900F8CCDB /* ViewController.swift in Sources */,
				10FE8BC31A5E13E900F8CCDB /* BCITBlurbBoard.xcdatamodeld in Sources */,
				10FE8BC01A5E13E900F8CCDB /* AppDelegate.swift in Sources */,
			);
			runOnlyForDeploymentPostprocessing = 0;
		};
		10FE8BCE1A5E13E900F8CCDB /* Sources */ = {
			isa = PBXSourcesBuildPhase;
			buildActionMask = 2147483647;
			files = (
				10FE8BD91A5E13E900F8CCDB /* BCITBlurbBoardTests.swift in Sources */,
			);
			runOnlyForDeploymentPostprocessing = 0;
		};
/* End PBXSourcesBuildPhase section */

/* Begin PBXTargetDependency section */
		10FE8BD41A5E13E900F8CCDB /* PBXTargetDependency */ = {
			isa = PBXTargetDependency;
			target = 10FE8BB91A5E13E900F8CCDB /* BCITBlurbBoard */;
			targetProxy = 10FE8BD31A5E13E900F8CCDB /* PBXContainerItemProxy */;
		};
/* End PBXTargetDependency section */

/* Begin PBXVariantGroup section */
		10FE8BC61A5E13E900F8CCDB /* Main.storyboard */ = {
			isa = PBXVariantGroup;
			children = (
				10FE8BC71A5E13E900F8CCDB /* Base */,
			);
			name = Main.storyboard;
			sourceTree = "<group>";
		};
		10FE8BCB1A5E13E900F8CCDB /* LaunchScreen.xib */ = {
			isa = PBXVariantGroup;
			children = (
				10FE8BCC1A5E13E900F8CCDB /* Base */,
			);
			name = LaunchScreen.xib;
			sourceTree = "<group>";
		};
/* End PBXVariantGroup section */

/* Begin XCBuildConfiguration section */
		10FE8BDA1A5E13E900F8CCDB /* Debug */ = {
			isa = XCBuildConfiguration;
			buildSettings = {
				ALWAYS_SEARCH_USER_PATHS = NO;
				CLANG_CXX_LANGUAGE_STANDARD = "gnu++0x";
				CLANG_CXX_LIBRARY = "libc++";
				CLANG_ENABLE_MODULES = YES;
				CLANG_ENABLE_OBJC_ARC = YES;
				CLANG_WARN_BOOL_CONVERSION = YES;
				CLANG_WARN_CONSTANT_CONVERSION = YES;
				CLANG_WARN_DIRECT_OBJC_ISA_USAGE = YES_ERROR;
				CLANG_WARN_EMPTY_BODY = YES;
				CLANG_WARN_ENUM_CONVERSION = YES;
				CLANG_WARN_INT_CONVERSION = YES;
				CLANG_WARN_OBJC_ROOT_CLASS = YES_ERROR;
				CLANG_WARN_UNREACHABLE_CODE = YES;
				CLANG_WARN__DUPLICATE_METHOD_MATCH = YES;
				"CODE_SIGN_IDENTITY[sdk=iphoneos*]" = "iPhone Developer";
				COPY_PHASE_STRIP = NO;
				ENABLE_STRICT_OBJC_MSGSEND = YES;
				GCC_C_LANGUAGE_STANDARD = gnu99;
				GCC_DYNAMIC_NO_PIC = NO;
				GCC_OPTIMIZATION_LEVEL = 0;
				GCC_PREPROCESSOR_DEFINITIONS = (
					"DEBUG=1",
					"$(inherited)",
				);
				GCC_SYMBOLS_PRIVATE_EXTERN = NO;
				GCC_WARN_64_TO_32_BIT_CONVERSION = YES;
				GCC_WARN_ABOUT_RETURN_TYPE = YES_ERROR;
				GCC_WARN_UNDECLARED_SELECTOR = YES;
				GCC_WARN_UNINITIALIZED_AUTOS = YES_AGGRESSIVE;
				GCC_WARN_UNUSED_FUNCTION = YES;
				GCC_WARN_UNUSED_VARIABLE = YES;
				IPHONEOS_DEPLOYMENT_TARGET = 8.1;
				MTL_ENABLE_DEBUG_INFO = YES;
				ONLY_ACTIVE_ARCH = YES;
				SDKROOT = iphoneos;
				SWIFT_OPTIMIZATION_LEVEL = "-Onone";
				TARGETED_DEVICE_FAMILY = "1,2";
			};
			name = Debug;
		};
		10FE8BDB1A5E13E900F8CCDB /* Release */ = {
			isa = XCBuildConfiguration;
			buildSettings = {
				ALWAYS_SEARCH_USER_PATHS = NO;
				CLANG_CXX_LANGUAGE_STANDARD = "gnu++0x";
				CLANG_CXX_LIBRARY = "libc++";
				CLANG_ENABLE_MODULES = YES;
				CLANG_ENABLE_OBJC_ARC = YES;
				CLANG_WARN_BOOL_CONVERSION = YES;
				CLANG_WARN_CONSTANT_CONVERSION = YES;
				CLANG_WARN_DIRECT_OBJC_ISA_USAGE = YES_ERROR;
				CLANG_WARN_EMPTY_BODY = YES;
				CLANG_WARN_ENUM_CONVERSION = YES;
				CLANG_WARN_INT_CONVERSION = YES;
				CLANG_WARN_OBJC_ROOT_CLASS = YES_ERROR;
				CLANG_WARN_UNREACHABLE_CODE = YES;
				CLANG_WARN__DUPLICATE_METHOD_MATCH = YES;
				"CODE_SIGN_IDENTITY[sdk=iphoneos*]" = "iPhone Developer";
				COPY_PHASE_STRIP = YES;
				ENABLE_NS_ASSERTIONS = NO;
				ENABLE_STRICT_OBJC_MSGSEND = YES;
				GCC_C_LANGUAGE_STANDARD = gnu99;
				GCC_WARN_64_TO_32_BIT_CONVERSION = YES;
				GCC_WARN_ABOUT_RETURN_TYPE = YES_ERROR;
				GCC_WARN_UNDECLARED_SELECTOR = YES;
				GCC_WARN_UNINITIALIZED_AUTOS = YES_AGGRESSIVE;
				GCC_WARN_UNUSED_FUNCTION = YES;
				GCC_WARN_UNUSED_VARIABLE = YES;
				IPHONEOS_DEPLOYMENT_TARGET = 8.1;
				MTL_ENABLE_DEBUG_INFO = NO;
				SDKROOT = iphoneos;
				TARGETED_DEVICE_FAMILY = "1,2";
				VALIDATE_PRODUCT = YES;
			};
			name = Release;
		};
		10FE8BDD1A5E13E900F8CCDB /* Debug */ = {
			isa = XCBuildConfiguration;
			buildSettings = {
				ASSETCATALOG_COMPILER_APPICON_NAME = AppIcon;
				INFOPLIST_FILE = BCITBlurbBoard/Info.plist;
				LD_RUNPATH_SEARCH_PATHS = "$(inherited) @executable_path/Frameworks";
				PRODUCT_NAME = "$(TARGET_NAME)";
			};
			name = Debug;
		};
		10FE8BDE1A5E13E900F8CCDB /* Release */ = {
			isa = XCBuildConfiguration;
			buildSettings = {
				ASSETCATALOG_COMPILER_APPICON_NAME = AppIcon;
				INFOPLIST_FILE = BCITBlurbBoard/Info.plist;
				LD_RUNPATH_SEARCH_PATHS = "$(inherited) @executable_path/Frameworks";
				PRODUCT_NAME = "$(TARGET_NAME)";
			};
			name = Release;
		};
		10FE8BE01A5E13E900F8CCDB /* Debug */ = {
			isa = XCBuildConfiguration;
			buildSettings = {
				BUNDLE_LOADER = "$(TEST_HOST)";
				FRAMEWORK_SEARCH_PATHS = (
					"$(SDKROOT)/Developer/Library/Frameworks",
					"$(inherited)",
				);
				GCC_PREPROCESSOR_DEFINITIONS = (
					"DEBUG=1",
					"$(inherited)",
				);
				INFOPLIST_FILE = BCITBlurbBoardTests/Info.plist;
				LD_RUNPATH_SEARCH_PATHS = "$(inherited) @executable_path/Frameworks @loader_path/Frameworks";
				PRODUCT_NAME = "$(TARGET_NAME)";
				TEST_HOST = "$(BUILT_PRODUCTS_DIR)/BCITBlurbBoard.app/BCITBlurbBoard";
			};
			name = Debug;
		};
		10FE8BE11A5E13E900F8CCDB /* Release */ = {
			isa = XCBuildConfiguration;
			buildSettings = {
				BUNDLE_LOADER = "$(TEST_HOST)";
				FRAMEWORK_SEARCH_PATHS = (
					"$(SDKROOT)/Developer/Library/Frameworks",
					"$(inherited)",
				);
				INFOPLIST_FILE = BCITBlurbBoardTests/Info.plist;
				LD_RUNPATH_SEARCH_PATHS = "$(inherited) @executable_path/Frameworks @loader_path/Frameworks";
				PRODUCT_NAME = "$(TARGET_NAME)";
				TEST_HOST = "$(BUILT_PRODUCTS_DIR)/BCITBlurbBoard.app/BCITBlurbBoard";
			};
			name = Release;
		};
/* End XCBuildConfiguration section */

/* Begin XCConfigurationList section */
		10FE8BB51A5E13E900F8CCDB /* Build configuration list for PBXProject "BCITBlurbBoard" */ = {
			isa = XCConfigurationList;
			buildConfigurations = (
				10FE8BDA1A5E13E900F8CCDB /* Debug */,
				10FE8BDB1A5E13E900F8CCDB /* Release */,
			);
			defaultConfigurationIsVisible = 0;
			defaultConfigurationName = Release;
		};
		10FE8BDC1A5E13E900F8CCDB /* Build configuration list for PBXNativeTarget "BCITBlurbBoard" */ = {
			isa = XCConfigurationList;
			buildConfigurations = (
				10FE8BDD1A5E13E900F8CCDB /* Debug */,
				10FE8BDE1A5E13E900F8CCDB /* Release */,
			);
			defaultConfigurationIsVisible = 0;
			defaultConfigurationName = Release;
		};
		10FE8BDF1A5E13E900F8CCDB /* Build configuration list for PBXNativeTarget "BCITBlurbBoardTests" */ = {
			isa = XCConfigurationList;
			buildConfigurations = (
				10FE8BE01A5E13E900F8CCDB /* Debug */,
				10FE8BE11A5E13E900F8CCDB /* Release */,
			);
			defaultConfigurationIsVisible = 0;
			defaultConfigurationName = Release;
		};
/* End XCConfigurationList section */

/* Begin XCVersionGroup section */
		10FE8BC11A5E13E900F8CCDB /* BCITBlurbBoard.xcdatamodeld */ = {
			isa = XCVersionGroup;
			children = (
				10FE8BC21A5E13E900F8CCDB /* BCITBlurbBoard.xcdatamodel */,
			);
			currentVersion = 10FE8BC21A5E13E900F8CCDB /* BCITBlurbBoard.xcdatamodel */;
			path = BCITBlurbBoard.xcdatamodeld;
			sourceTree = "<group>";
			versionGroupType = wrapper.xcdatamodel;
		};
/* End XCVersionGroup section */
	};
	rootObject = 10FE8BB21A5E13E900F8CCDB /* Project object */;
}
